
Microsoft Visual Studio Solution File, Format Version 12.00
# Visual Studio Version 17
VisualStudioVersion = 17.7.34018.315
MinimumVisualStudioVersion = 10.0.40219.1
Project("{FAE04EC0-301F-11D3-BF4B-00C04F79EFBC}") = "InlamningMetod6.1", "InlamningMetod6.1\InlamningMetod6.1.csproj", "{BA34D9E8-AE8A-44A0-8D5E-5A3E2A6F7AB2}"
EndProject
Global
	GlobalSection(SolutionConfigurationPlatforms) = preSolution
		Debug|Any CPU = Debug|Any CPU
		Release|Any CPU = Release|Any CPU
	EndGlobalSection
	GlobalSection(ProjectConfigurationPlatforms) = postSolution
		{BA34D9E8-AE8A-44A0-8D5E-5A3E2A6F7AB2}.Debug|Any CPU.ActiveCfg = Debug|Any CPU
		{BA34D9E8-AE8A-44A0-8D5E-5A3E2A6F7AB2}.Debug|Any CPU.Build.0 = Debug|Any CPU
		{BA34D9E8-AE8A-44A0-8D5E-5A3E2A6F7AB2}.Release|Any CPU.ActiveCfg = Release|Any CPU
		{BA34D9E8-AE8A-44A0-8D5E-5A3E2A6F7AB2}.Release|Any CPU.Build.0 = Release|Any CPU
	EndGlobalSection
	GlobalSection(SolutionProperties) = preSolution
		HideSolutionNode = FALSE
	EndGlobalSection
	GlobalSection(ExtensibilityGlobals) = postSolution
		SolutionGuid = {18CE0CD2-1EA3-4A1A-9294-F3E75728AE19}
	EndGlobalSection
EndGlobal
